
Microsoft Visual Studio Solution File, Format Version 12.00
# Visual Studio Version 17
VisualStudioVersion = 17.0.32112.339
MinimumVisualStudioVersion = 10.0.40219.1
Project("{2150E333-8FDC-42A3-9474-1A3956D46DE8}") = "1. Console Apps", "1. Console Apps", "{8612AD70-9B51-11EC-9D38-CBD9341E27AB}"
EndProject
Project("{2150E333-8FDC-42A3-9474-1A3956D46DE8}") = "2. Desktop Apps", "2. Desktop Apps", "{8C53A130-9B51-11EC-9D38-CBD9341E27AB}"
EndProject
Project("{2150E333-8FDC-42A3-9474-1A3956D46DE8}") = "3. Web Apps", "3. Web Apps", "{96CF5870-9B51-11EC-9D38-CBD9341E27AB}"
EndProject
Project("{2150E333-8FDC-42A3-9474-1A3956D46DE8}") = "4. Cloud Apps", "4. Cloud Apps", "{9EBC2770-9B51-11EC-9D38-CBD9341E27AB}"
EndProject
Project("{2150E333-8FDC-42A3-9474-1A3956D46DE8}") = "5. Libraries", "5. Libraries", "{A6A6D390-9B51-11EC-9D38-CBD9341E27AB}"
EndProject
Project("{2150E333-8FDC-42A3-9474-1A3956D46DE8}") = "Redacted Projects", "Redacted Projects", "{3288A967-D0F6-47D6-98BD-1653660FB4CD}"
EndProject
Project("{2150E333-8FDC-42A3-9474-1A3956D46DE8}") = "Open Projects", "Open Projects", "{D2D5EEA8-7FA9-4989-8F2D-C571671D6B09}"
EndProject
Project("{2150E333-8FDC-42A3-9474-1A3956D46DE8}") = "1. Console Apps", "1. Console Apps", "{DE82E8BE-1038-4CF1-8DA4-BF7DA8B8FA5E}"
EndProject
Project("{2150E333-8FDC-42A3-9474-1A3956D46DE8}") = "2. Desktop Apps", "2. Desktop Apps", "{6422FACE-0684-4C10-B305-896AE6145E5E}"
EndProject
Project("{2150E333-8FDC-42A3-9474-1A3956D46DE8}") = "3. Web Apps", "3. Web Apps", "{E552CAF6-58A6-4B77-8F1F-C83D72913A0E}"
EndProject
Project("{2150E333-8FDC-42A3-9474-1A3956D46DE8}") = "4. Cloud Apps", "4. Cloud Apps", "{2BE83FD4-9CCB-4C78-9B6B-5513B8C2BC6B}"
EndProject
Project("{2150E333-8FDC-42A3-9474-1A3956D46DE8}") = "5. Libraries", "5. Libraries", "{CD230E22-0261-4304-AA9A-CDC0D9D5B716}"
EndProject
Project("{9A19103F-16F7-4668-BE54-9A1E7A4F7556}") = "ApiDemo.Web.Server", "ApiDemo\ApiDemo.Web\Server\ApiDemo.Web.Server.csproj", "{88FB8B2D-0EBD-45A0-8382-650E464A7645}"
EndProject
Project("{9A19103F-16F7-4668-BE54-9A1E7A4F7556}") = "ApiDemo.Web.Client", "ApiDemo\ApiDemo.Web\Client\ApiDemo.Web.Client.csproj", "{FB9EF536-F8A7-4D4A-AB10-CA766D8C9AF8}"
EndProject
Project("{2150E333-8FDC-42A3-9474-1A3956D46DE8}") = "ApiDemo", "ApiDemo", "{C46C6CAB-832D-4877-B0FB-7C66E62D318E}"
EndProject
Project("{9A19103F-16F7-4668-BE54-9A1E7A4F7556}") = "ApiDemo.Web.Shared", "ApiDemo\ApiDemo.Web\Shared\ApiDemo.Web.Shared.csproj", "{86979011-509B-4953-9B61-8791D927769E}"
EndProject
Project("{9A19103F-16F7-4668-BE54-9A1E7A4F7556}") = "BlazorClientLibrary", "BlazorClientLibrary\BlazorClientLibrary.csproj", "{D867247C-6993-4FD8-99E9-C09D6363DA06}"
EndProject
Global
	GlobalSection(SolutionConfigurationPlatforms) = preSolution
		Debug|Any CPU = Debug|Any CPU
		Release|Any CPU = Release|Any CPU
	EndGlobalSection
	GlobalSection(ProjectConfigurationPlatforms) = postSolution
		{88FB8B2D-0EBD-45A0-8382-650E464A7645}.Debug|Any CPU.ActiveCfg = Debug|Any CPU
		{88FB8B2D-0EBD-45A0-8382-650E464A7645}.Debug|Any CPU.Build.0 = Debug|Any CPU
		{88FB8B2D-0EBD-45A0-8382-650E464A7645}.Release|Any CPU.ActiveCfg = Release|Any CPU
		{88FB8B2D-0EBD-45A0-8382-650E464A7645}.Release|Any CPU.Build.0 = Release|Any CPU
		{FB9EF536-F8A7-4D4A-AB10-CA766D8C9AF8}.Debug|Any CPU.ActiveCfg = Debug|Any CPU
		{FB9EF536-F8A7-4D4A-AB10-CA766D8C9AF8}.Debug|Any CPU.Build.0 = Debug|Any CPU
		{FB9EF536-F8A7-4D4A-AB10-CA766D8C9AF8}.Release|Any CPU.ActiveCfg = Release|Any CPU
		{FB9EF536-F8A7-4D4A-AB10-CA766D8C9AF8}.Release|Any CPU.Build.0 = Release|Any CPU
		{86979011-509B-4953-9B61-8791D927769E}.Debug|Any CPU.ActiveCfg = Debug|Any CPU
		{86979011-509B-4953-9B61-8791D927769E}.Debug|Any CPU.Build.0 = Debug|Any CPU
		{86979011-509B-4953-9B61-8791D927769E}.Release|Any CPU.ActiveCfg = Release|Any CPU
		{86979011-509B-4953-9B61-8791D927769E}.Release|Any CPU.Build.0 = Release|Any CPU
		{D867247C-6993-4FD8-99E9-C09D6363DA06}.Debug|Any CPU.ActiveCfg = Debug|Any CPU
		{D867247C-6993-4FD8-99E9-C09D6363DA06}.Debug|Any CPU.Build.0 = Debug|Any CPU
		{D867247C-6993-4FD8-99E9-C09D6363DA06}.Release|Any CPU.ActiveCfg = Release|Any CPU
		{D867247C-6993-4FD8-99E9-C09D6363DA06}.Release|Any CPU.Build.0 = Release|Any CPU
	EndGlobalSection
	GlobalSection(SolutionProperties) = preSolution
		HideSolutionNode = FALSE
	EndGlobalSection
	GlobalSection(NestedProjects) = preSolution
		{8612AD70-9B51-11EC-9D38-CBD9341E27AB} = {D2D5EEA8-7FA9-4989-8F2D-C571671D6B09}
		{8C53A130-9B51-11EC-9D38-CBD9341E27AB} = {D2D5EEA8-7FA9-4989-8F2D-C571671D6B09}
		{96CF5870-9B51-11EC-9D38-CBD9341E27AB} = {D2D5EEA8-7FA9-4989-8F2D-C571671D6B09}
		{9EBC2770-9B51-11EC-9D38-CBD9341E27AB} = {D2D5EEA8-7FA9-4989-8F2D-C571671D6B09}
		{A6A6D390-9B51-11EC-9D38-CBD9341E27AB} = {D2D5EEA8-7FA9-4989-8F2D-C571671D6B09}
		{DE82E8BE-1038-4CF1-8DA4-BF7DA8B8FA5E} = {3288A967-D0F6-47D6-98BD-1653660FB4CD}
		{6422FACE-0684-4C10-B305-896AE6145E5E} = {3288A967-D0F6-47D6-98BD-1653660FB4CD}
		{E552CAF6-58A6-4B77-8F1F-C83D72913A0E} = {3288A967-D0F6-47D6-98BD-1653660FB4CD}
		{2BE83FD4-9CCB-4C78-9B6B-5513B8C2BC6B} = {3288A967-D0F6-47D6-98BD-1653660FB4CD}
		{CD230E22-0261-4304-AA9A-CDC0D9D5B716} = {3288A967-D0F6-47D6-98BD-1653660FB4CD}
		{88FB8B2D-0EBD-45A0-8382-650E464A7645} = {C46C6CAB-832D-4877-B0FB-7C66E62D318E}
		{FB9EF536-F8A7-4D4A-AB10-CA766D8C9AF8} = {C46C6CAB-832D-4877-B0FB-7C66E62D318E}
		{C46C6CAB-832D-4877-B0FB-7C66E62D318E} = {96CF5870-9B51-11EC-9D38-CBD9341E27AB}
		{86979011-509B-4953-9B61-8791D927769E} = {C46C6CAB-832D-4877-B0FB-7C66E62D318E}
		{D867247C-6993-4FD8-99E9-C09D6363DA06} = {CD230E22-0261-4304-AA9A-CDC0D9D5B716}
	EndGlobalSection
	GlobalSection(ExtensibilityGlobals) = postSolution
		SolutionGuid = {DFC91F20-750A-489D-8FFF-E6C689CCDBC0}
	EndGlobalSection
EndGlobal
